
Microsoft Visual Studio Solution File, Format Version 12.00
# Visual Studio 15
VisualStudioVersion = 15.0.27130.2027
MinimumVisualStudioVersion = 10.0.40219.1
Project("{9A19103F-16F7-4668-BE54-9A1E7A4F7556}") = "IdentityService", "IdentityService\IdentityService.csproj", "{52E0B31F-C110-498C-BF93-5BE15CD038CE}"
EndProject
Project("{E53339B2-1760-4266-BCC7-CA923CBCF16C}") = "docker-compose", "docker-compose.dcproj", "{2F19C9A6-7BAA-4B2E-94CD-FAE39D085A02}"
EndProject
Project("{2150E333-8FDC-42A3-9474-1A3956D46DE8}") = "Solution Items", "Solution Items", "{14A14372-89A6-4809-9A6F-CC72F84FBDC6}"
	ProjectSection(SolutionItems) = preProject
		identity-var.env = identity-var.env
		secrets.example.json = secrets.example.json
	EndProjectSection
EndProject
Global
	GlobalSection(SolutionConfigurationPlatforms) = preSolution
		Debug|Any CPU = Debug|Any CPU
		Release|Any CPU = Release|Any CPU
	EndGlobalSection
	GlobalSection(ProjectConfigurationPlatforms) = postSolution
		{52E0B31F-C110-498C-BF93-5BE15CD038CE}.Debug|Any CPU.ActiveCfg = Debug|Any CPU
		{52E0B31F-C110-498C-BF93-5BE15CD038CE}.Debug|Any CPU.Build.0 = Debug|Any CPU
		{52E0B31F-C110-498C-BF93-5BE15CD038CE}.Release|Any CPU.ActiveCfg = Release|Any CPU
		{52E0B31F-C110-498C-BF93-5BE15CD038CE}.Release|Any CPU.Build.0 = Release|Any CPU
		{2F19C9A6-7BAA-4B2E-94CD-FAE39D085A02}.Debug|Any CPU.ActiveCfg = Debug|Any CPU
		{2F19C9A6-7BAA-4B2E-94CD-FAE39D085A02}.Debug|Any CPU.Build.0 = Debug|Any CPU
		{2F19C9A6-7BAA-4B2E-94CD-FAE39D085A02}.Release|Any CPU.ActiveCfg = Release|Any CPU
		{2F19C9A6-7BAA-4B2E-94CD-FAE39D085A02}.Release|Any CPU.Build.0 = Release|Any CPU
	EndGlobalSection
	GlobalSection(SolutionProperties) = preSolution
		HideSolutionNode = FALSE
	EndGlobalSection
	GlobalSection(ExtensibilityGlobals) = postSolution
		SolutionGuid = {CC779744-D871-49FC-A1A2-72EE558FED8A}
	EndGlobalSection
EndGlobal
